{
  "requires": true,
  "lockfileVersion": 1,
  "dependencies": {
    "vue": {
      "version": "2.5.4",
      "resolved": "https://registry.npmjs.org/vue/-/vue-2.5.4.tgz",
      "integrity": "sha512-AHCPCJdPe/hP0lEd1j4KKyM5J5Qmihr5eL94AJMbfgSofxXF8izd3dcvLLBSRm1EhCqYf1RhUAKua0uOsp6xGA=="
    }
  }
}
